// !$*UTF8*$!
{
	archiveVersion = 1;
	classes = {
	};
	objectVersion = 50;
	objects = {

/* Begin PBXBuildFile section */
		6995C3A7229666AB00DDBC09 /* Navigator.swift in Sources */ = {isa = PBXBuildFile; fileRef = 6995C3A6229666AB00DDBC09 /* Navigator.swift */; };
		6995C3AA2296752000DDBC09 /* QuestListViewController.swift in Sources */ = {isa = PBXBuildFile; fileRef = 6995C3A82296752000DDBC09 /* QuestListViewController.swift */; };
		6995C3AF2296784900DDBC09 /* Quest.swift in Sources */ = {isa = PBXBuildFile; fileRef = 6995C3AE2296784900DDBC09 /* Quest.swift */; };
		6995C3B122967A6200DDBC09 /* QuestListViewController.xib in Resources */ = {isa = PBXBuildFile; fileRef = 6995C3B022967A6200DDBC09 /* QuestListViewController.xib */; };
		6995C3B522967C3F00DDBC09 /* QuestListViewController+UITableViewDataSource.swift in Sources */ = {isa = PBXBuildFile; fileRef = 6995C3B422967C3F00DDBC09 /* QuestListViewController+UITableViewDataSource.swift */; };
		6995C3BA22967DE100DDBC09 /* QuestCell.swift in Sources */ = {isa = PBXBuildFile; fileRef = 6995C3B822967DE100DDBC09 /* QuestCell.swift */; };
		6995C3BB22967DE100DDBC09 /* QuestCell.xib in Resources */ = {isa = PBXBuildFile; fileRef = 6995C3B922967DE100DDBC09 /* QuestCell.xib */; };
		6995C3BE2296817500DDBC09 /* NibLoadable.swift in Sources */ = {isa = PBXBuildFile; fileRef = 6995C3BD2296817500DDBC09 /* NibLoadable.swift */; };
		69CD2AE422955D70004DCA78 /* AppDelegate.swift in Sources */ = {isa = PBXBuildFile; fileRef = 69CD2AE322955D70004DCA78 /* AppDelegate.swift */; };
		69CD2AEB22955D73004DCA78 /* Assets.xcassets in Resources */ = {isa = PBXBuildFile; fileRef = 69CD2AEA22955D73004DCA78 /* Assets.xcassets */; };
		69CD2AEE22955D73004DCA78 /* LaunchScreen.storyboard in Resources */ = {isa = PBXBuildFile; fileRef = 69CD2AEC22955D73004DCA78 /* LaunchScreen.storyboard */; };
/* End PBXBuildFile section */

/* Begin PBXFileReference section */
		6995C3A6229666AB00DDBC09 /* Navigator.swift */ = {isa = PBXFileReference; lastKnownFileType = sourcecode.swift; path = Navigator.swift; sourceTree = "<group>"; };
		6995C3A82296752000DDBC09 /* QuestListViewController.swift */ = {isa = PBXFileReference; lastKnownFileType = sourcecode.swift; path = QuestListViewController.swift; sourceTree = "<group>"; };
		6995C3AE2296784900DDBC09 /* Quest.swift */ = {isa = PBXFileReference; lastKnownFileType = sourcecode.swift; path = Quest.swift; sourceTree = "<group>"; };
		6995C3B022967A6200DDBC09 /* QuestListViewController.xib */ = {isa = PBXFileReference; lastKnownFileType = file.xib; path = QuestListViewController.xib; sourceTree = "<group>"; };
		6995C3B422967C3F00DDBC09 /* QuestListViewController+UITableViewDataSource.swift */ = {isa = PBXFileReference; lastKnownFileType = sourcecode.swift; path = "QuestListViewController+UITableViewDataSource.swift"; sourceTree = "<group>"; };
		6995C3B822967DE100DDBC09 /* QuestCell.swift */ = {isa = PBXFileReference; lastKnownFileType = sourcecode.swift; path = QuestCell.swift; sourceTree = "<group>"; };
		6995C3B922967DE100DDBC09 /* QuestCell.xib */ = {isa = PBXFileReference; lastKnownFileType = file.xib; path = QuestCell.xib; sourceTree = "<group>"; };
		6995C3BD2296817500DDBC09 /* NibLoadable.swift */ = {isa = PBXFileReference; lastKnownFileType = sourcecode.swift; path = NibLoadable.swift; sourceTree = "<group>"; };
		69CD2AE022955D70004DCA78 /* Quest Maker.app */ = {isa = PBXFileReference; explicitFileType = wrapper.application; includeInIndex = 0; path = "Quest Maker.app"; sourceTree = BUILT_PRODUCTS_DIR; };
		69CD2AE322955D70004DCA78 /* AppDelegate.swift */ = {isa = PBXFileReference; lastKnownFileType = sourcecode.swift; path = AppDelegate.swift; sourceTree = "<group>"; };
		69CD2AEA22955D73004DCA78 /* Assets.xcassets */ = {isa = PBXFileReference; lastKnownFileType = folder.assetcatalog; path = Assets.xcassets; sourceTree = "<group>"; };
		69CD2AED22955D73004DCA78 /* Base */ = {isa = PBXFileReference; lastKnownFileType = file.storyboard; name = Base; path = Base.lproj/LaunchScreen.storyboard; sourceTree = "<group>"; };
		69CD2AEF22955D73004DCA78 /* Info.plist */ = {isa = PBXFileReference; lastKnownFileType = text.plist.xml; path = Info.plist; sourceTree = "<group>"; };
/* End PBXFileReference section */

/* Begin PBXFrameworksBuildPhase section */
		69CD2ADD22955D70004DCA78 /* Frameworks */ = {
			isa = PBXFrameworksBuildPhase;
			buildActionMask = 2147483647;
			files = (
			);
			runOnlyForDeploymentPostprocessing = 0;
		};
/* End PBXFrameworksBuildPhase section */

/* Begin PBXGroup section */
		6995C3A5229664D100DDBC09 /* Navigators */ = {
			isa = PBXGroup;
			children = (
				6995C3A6229666AB00DDBC09 /* Navigator.swift */,
			);
			path = Navigators;
			sourceTree = "<group>";
		};
		6995C3AC2296752E00DDBC09 /* Views */ = {
			isa = PBXGroup;
			children = (
				6995C3B722967DAD00DDBC09 /* Cells */,
				6995C3B622967DA400DDBC09 /* Screens */,
			);
			path = Views;
			sourceTree = "<group>";
		};
		6995C3AD229677EB00DDBC09 /* Models */ = {
			isa = PBXGroup;
			children = (
				6995C3AE2296784900DDBC09 /* Quest.swift */,
			);
			path = Models;
			sourceTree = "<group>";
		};
		6995C3B222967BB500DDBC09 /* QuestListViewController */ = {
			isa = PBXGroup;
			children = (
				6995C3A82296752000DDBC09 /* QuestListViewController.swift */,
				6995C3B422967C3F00DDBC09 /* QuestListViewController+UITableViewDataSource.swift */,
			);
			path = QuestListViewController;
			sourceTree = "<group>";
		};
		6995C3B622967DA400DDBC09 /* Screens */ = {
			isa = PBXGroup;
			children = (
				6995C3B022967A6200DDBC09 /* QuestListViewController.xib */,
			);
			path = Screens;
			sourceTree = "<group>";
		};
		6995C3B722967DAD00DDBC09 /* Cells */ = {
			isa = PBXGroup;
			children = (
				6995C3B822967DE100DDBC09 /* QuestCell.swift */,
				6995C3B922967DE100DDBC09 /* QuestCell.xib */,
			);
			path = Cells;
			sourceTree = "<group>";
		};
		6995C3BC2296814B00DDBC09 /* Protocols */ = {
			isa = PBXGroup;
			children = (
				6995C3BD2296817500DDBC09 /* NibLoadable.swift */,
			);
			path = Protocols;
			sourceTree = "<group>";
		};
		69CD2AD722955D70004DCA78 = {
			isa = PBXGroup;
			children = (
				69CD2AE222955D70004DCA78 /* Quest Maker */,
				69CD2AE122955D70004DCA78 /* Products */,
			);
			sourceTree = "<group>";
		};
		69CD2AE122955D70004DCA78 /* Products */ = {
			isa = PBXGroup;
			children = (
				69CD2AE022955D70004DCA78 /* Quest Maker.app */,
			);
			name = Products;
			sourceTree = "<group>";
		};
		69CD2AE222955D70004DCA78 /* Quest Maker */ = {
			isa = PBXGroup;
			children = (
				69CD2AF722957756004DCA78 /* App */,
				6995C3AD229677EB00DDBC09 /* Models */,
				6995C3A5229664D100DDBC09 /* Navigators */,
				6995C3BC2296814B00DDBC09 /* Protocols */,
				69CD2AF5229576FF004DCA78 /* View Controllers */,
				6995C3AC2296752E00DDBC09 /* Views */,
				69CD2AF622957722004DCA78 /* Resources */,
				69CD2AF822957780004DCA78 /* Storyboards */,
			);
			path = "Quest Maker";
			sourceTree = "<group>";
		};
		69CD2AF5229576FF004DCA78 /* View Controllers */ = {
			isa = PBXGroup;
			children = (
				6995C3B222967BB500DDBC09 /* QuestListViewController */,
			);
			path = "View Controllers";
			sourceTree = "<group>";
		};
		69CD2AF622957722004DCA78 /* Resources */ = {
			isa = PBXGroup;
			children = (
				69CD2AEA22955D73004DCA78 /* Assets.xcassets */,
			);
			path = Resources;
			sourceTree = "<group>";
		};
		69CD2AF722957756004DCA78 /* App */ = {
			isa = PBXGroup;
			children = (
				69CD2AE322955D70004DCA78 /* AppDelegate.swift */,
				69CD2AEF22955D73004DCA78 /* Info.plist */,
			);
			path = App;
			sourceTree = "<group>";
		};
		69CD2AF822957780004DCA78 /* Storyboards */ = {
			isa = PBXGroup;
			children = (
				69CD2AEC22955D73004DCA78 /* LaunchScreen.storyboard */,
			);
			path = Storyboards;
			sourceTree = "<group>";
		};
/* End PBXGroup section */

/* Begin PBXNativeTarget section */
		69CD2ADF22955D70004DCA78 /* Quest Maker */ = {
			isa = PBXNativeTarget;
			buildConfigurationList = 69CD2AF222955D73004DCA78 /* Build configuration list for PBXNativeTarget "Quest Maker" */;
			buildPhases = (
				69CD2ADC22955D70004DCA78 /* Sources */,
				69CD2ADD22955D70004DCA78 /* Frameworks */,
				69CD2ADE22955D70004DCA78 /* Resources */,
			);
			buildRules = (
			);
			dependencies = (
			);
			name = "Quest Maker";
			productName = "Quest Maker";
			productReference = 69CD2AE022955D70004DCA78 /* Quest Maker.app */;
			productType = "com.apple.product-type.application";
		};
/* End PBXNativeTarget section */

/* Begin PBXProject section */
		69CD2AD822955D70004DCA78 /* Project object */ = {
			isa = PBXProject;
			attributes = {
				LastSwiftUpdateCheck = 1020;
				LastUpgradeCheck = 1020;
				ORGANIZATIONNAME = "Denis Bystruev";
				TargetAttributes = {
					69CD2ADF22955D70004DCA78 = {
						CreatedOnToolsVersion = 10.2.1;
					};
				};
			};
			buildConfigurationList = 69CD2ADB22955D70004DCA78 /* Build configuration list for PBXProject "Quest Maker" */;
			compatibilityVersion = "Xcode 9.3";
			developmentRegion = en;
			hasScannedForEncodings = 0;
			knownRegions = (
				en,
				Base,
			);
			mainGroup = 69CD2AD722955D70004DCA78;
			productRefGroup = 69CD2AE122955D70004DCA78 /* Products */;
			projectDirPath = "";
			projectRoot = "";
			targets = (
				69CD2ADF22955D70004DCA78 /* Quest Maker */,
			);
		};
/* End PBXProject section */

/* Begin PBXResourcesBuildPhase section */
		69CD2ADE22955D70004DCA78 /* Resources */ = {
			isa = PBXResourcesBuildPhase;
			buildActionMask = 2147483647;
			files = (
				6995C3BB22967DE100DDBC09 /* QuestCell.xib in Resources */,
				69CD2AEE22955D73004DCA78 /* LaunchScreen.storyboard in Resources */,
				69CD2AEB22955D73004DCA78 /* Assets.xcassets in Resources */,
				6995C3B122967A6200DDBC09 /* QuestListViewController.xib in Resources */,
			);
			runOnlyForDeploymentPostprocessing = 0;
		};
/* End PBXResourcesBuildPhase section */

/* Begin PBXSourcesBuildPhase section */
		69CD2ADC22955D70004DCA78 /* Sources */ = {
			isa = PBXSourcesBuildPhase;
			buildActionMask = 2147483647;
			files = (
				6995C3BA22967DE100DDBC09 /* QuestCell.swift in Sources */,
				6995C3AF2296784900DDBC09 /* Quest.swift in Sources */,
				6995C3BE2296817500DDBC09 /* NibLoadable.swift in Sources */,
				6995C3AA2296752000DDBC09 /* QuestListViewController.swift in Sources */,
				6995C3B522967C3F00DDBC09 /* QuestListViewController+UITableViewDataSource.swift in Sources */,
				69CD2AE422955D70004DCA78 /* AppDelegate.swift in Sources */,
				6995C3A7229666AB00DDBC09 /* Navigator.swift in Sources */,
			);
			runOnlyForDeploymentPostprocessing = 0;
		};
/* End PBXSourcesBuildPhase section */

/* Begin PBXVariantGroup section */
		69CD2AEC22955D73004DCA78 /* LaunchScreen.storyboard */ = {
			isa = PBXVariantGroup;
			children = (
				69CD2AED22955D73004DCA78 /* Base */,
			);
			name = LaunchScreen.storyboard;
			sourceTree = "<group>";
		};
/* End PBXVariantGroup section */

/* Begin XCBuildConfiguration section */
		69CD2AF022955D73004DCA78 /* Debug */ = {
			isa = XCBuildConfiguration;
			buildSettings = {
				ALWAYS_SEARCH_USER_PATHS = NO;
				CLANG_ANALYZER_NONNULL = YES;
				CLANG_ANALYZER_NUMBER_OBJECT_CONVERSION = YES_AGGRESSIVE;
				CLANG_CXX_LANGUAGE_STANDARD = "gnu++14";
				CLANG_CXX_LIBRARY = "libc++";
				CLANG_ENABLE_MODULES = YES;
				CLANG_ENABLE_OBJC_ARC = YES;
				CLANG_ENABLE_OBJC_WEAK = YES;
				CLANG_WARN_BLOCK_CAPTURE_AUTORELEASING = YES;
				CLANG_WARN_BOOL_CONVERSION = YES;
				CLANG_WARN_COMMA = YES;
				CLANG_WARN_CONSTANT_CONVERSION = YES;
				CLANG_WARN_DEPRECATED_OBJC_IMPLEMENTATIONS = YES;
				CLANG_WARN_DIRECT_OBJC_ISA_USAGE = YES_ERROR;
				CLANG_WARN_DOCUMENTATION_COMMENTS = YES;
				CLANG_WARN_EMPTY_BODY = YES;
				CLANG_WARN_ENUM_CONVERSION = YES;
				CLANG_WARN_INFINITE_RECURSION = YES;
				CLANG_WARN_INT_CONVERSION = YES;
				CLANG_WARN_NON_LITERAL_NULL_CONVERSION = YES;
				CLANG_WARN_OBJC_IMPLICIT_RETAIN_SELF = YES;
				CLANG_WARN_OBJC_LITERAL_CONVERSION = YES;
				CLANG_WARN_OBJC_ROOT_CLASS = YES_ERROR;
				CLANG_WARN_RANGE_LOOP_ANALYSIS = YES;
				CLANG_WARN_STRICT_PROTOTYPES = YES;
				CLANG_WARN_SUSPICIOUS_MOVE = YES;
				CLANG_WARN_UNGUARDED_AVAILABILITY = YES_AGGRESSIVE;
				CLANG_WARN_UNREACHABLE_CODE = YES;
				CLANG_WARN__DUPLICATE_METHOD_MATCH = YES;
				CODE_SIGN_IDENTITY = "iPhone Developer";
				COPY_PHASE_STRIP = NO;
				DEBUG_INFORMATION_FORMAT = dwarf;
				ENABLE_STRICT_OBJC_MSGSEND = YES;
				ENABLE_TESTABILITY = YES;
				GCC_C_LANGUAGE_STANDARD = gnu11;
				GCC_DYNAMIC_NO_PIC = NO;
				GCC_NO_COMMON_BLOCKS = YES;
				GCC_OPTIMIZATION_LEVEL = 0;
				GCC_PREPROCESSOR_DEFINITIONS = (
					"DEBUG=1",
					"$(inherited)",
				);
				GCC_WARN_64_TO_32_BIT_CONVERSION = YES;
				GCC_WARN_ABOUT_RETURN_TYPE = YES_ERROR;
				GCC_WARN_UNDECLARED_SELECTOR = YES;
				GCC_WARN_UNINITIALIZED_AUTOS = YES_AGGRESSIVE;
				GCC_WARN_UNUSED_FUNCTION = YES;
				GCC_WARN_UNUSED_VARIABLE = YES;
				IPHONEOS_DEPLOYMENT_TARGET = 12.2;
				MTL_ENABLE_DEBUG_INFO = INCLUDE_SOURCE;
				MTL_FAST_MATH = YES;
				ONLY_ACTIVE_ARCH = YES;
				SDKROOT = iphoneos;
				SWIFT_ACTIVE_COMPILATION_CONDITIONS = DEBUG;
				SWIFT_OPTIMIZATION_LEVEL = "-Onone";
			};
			name = Debug;
		};
		69CD2AF122955D73004DCA78 /* Release */ = {
			isa = XCBuildConfiguration;
			buildSettings = {
				ALWAYS_SEARCH_USER_PATHS = NO;
				CLANG_ANALYZER_NONNULL = YES;
				CLANG_ANALYZER_NUMBER_OBJECT_CONVERSION = YES_AGGRESSIVE;
				CLANG_CXX_LANGUAGE_STANDARD = "gnu++14";
				CLANG_CXX_LIBRARY = "libc++";
				CLANG_ENABLE_MODULES = YES;
				CLANG_ENABLE_OBJC_ARC = YES;
				CLANG_ENABLE_OBJC_WEAK = YES;
				CLANG_WARN_BLOCK_CAPTURE_AUTORELEASING = YES;
				CLANG_WARN_BOOL_CONVERSION = YES;
				CLANG_WARN_COMMA = YES;
				CLANG_WARN_CONSTANT_CONVERSION = YES;
				CLANG_WARN_DEPRECATED_OBJC_IMPLEMENTATIONS = YES;
				CLANG_WARN_DIRECT_OBJC_ISA_USAGE = YES_ERROR;
				CLANG_WARN_DOCUMENTATION_COMMENTS = YES;
				CLANG_WARN_EMPTY_BODY = YES;
				CLANG_WARN_ENUM_CONVERSION = YES;
				CLANG_WARN_INFINITE_RECURSION = YES;
				CLANG_WARN_INT_CONVERSION = YES;
				CLANG_WARN_NON_LITERAL_NULL_CONVERSION = YES;
				CLANG_WARN_OBJC_IMPLICIT_RETAIN_SELF = YES;
				CLANG_WARN_OBJC_LITERAL_CONVERSION = YES;
				CLANG_WARN_OBJC_ROOT_CLASS = YES_ERROR;
				CLANG_WARN_RANGE_LOOP_ANALYSIS = YES;
				CLANG_WARN_STRICT_PROTOTYPES = YES;
				CLANG_WARN_SUSPICIOUS_MOVE = YES;
				CLANG_WARN_UNGUARDED_AVAILABILITY = YES_AGGRESSIVE;
				CLANG_WARN_UNREACHABLE_CODE = YES;
				CLANG_WARN__DUPLICATE_METHOD_MATCH = YES;
				CODE_SIGN_IDENTITY = "iPhone Developer";
				COPY_PHASE_STRIP = NO;
				DEBUG_INFORMATION_FORMAT = "dwarf-with-dsym";
				ENABLE_NS_ASSERTIONS = NO;
				ENABLE_STRICT_OBJC_MSGSEND = YES;
				GCC_C_LANGUAGE_STANDARD = gnu11;
				GCC_NO_COMMON_BLOCKS = YES;
				GCC_WARN_64_TO_32_BIT_CONVERSION = YES;
				GCC_WARN_ABOUT_RETURN_TYPE = YES_ERROR;
				GCC_WARN_UNDECLARED_SELECTOR = YES;
				GCC_WARN_UNINITIALIZED_AUTOS = YES_AGGRESSIVE;
				GCC_WARN_UNUSED_FUNCTION = YES;
				GCC_WARN_UNUSED_VARIABLE = YES;
				IPHONEOS_DEPLOYMENT_TARGET = 12.2;
				MTL_ENABLE_DEBUG_INFO = NO;
				MTL_FAST_MATH = YES;
				SDKROOT = iphoneos;
				SWIFT_COMPILATION_MODE = wholemodule;
				SWIFT_OPTIMIZATION_LEVEL = "-O";
				VALIDATE_PRODUCT = YES;
			};
			name = Release;
		};
		69CD2AF322955D73004DCA78 /* Debug */ = {
			isa = XCBuildConfiguration;
			buildSettings = {
				ASSETCATALOG_COMPILER_APPICON_NAME = AppIcon;
				CODE_SIGN_STYLE = Automatic;
				DEVELOPMENT_TEAM = 8J39KF9DMS;
				INFOPLIST_FILE = "$(SRCROOT)/Quest Maker/App/Info.plist";
				LD_RUNPATH_SEARCH_PATHS = (
					"$(inherited)",
					"@executable_path/Frameworks",
				);
				PRODUCT_BUNDLE_IDENTIFIER = "ru.learnSwift.Quest-Maker";
				PRODUCT_NAME = "$(TARGET_NAME)";
				SWIFT_VERSION = 5.0;
				TARGETED_DEVICE_FAMILY = "1,2";
			};
			name = Debug;
		};
		69CD2AF422955D73004DCA78 /* Release */ = {
			isa = XCBuildConfiguration;
			buildSettings = {
				ASSETCATALOG_COMPILER_APPICON_NAME = AppIcon;
				CODE_SIGN_STYLE = Automatic;
				DEVELOPMENT_TEAM = 8J39KF9DMS;
				INFOPLIST_FILE = "$(SRCROOT)/Quest Maker/App/Info.plist";
				LD_RUNPATH_SEARCH_PATHS = (
					"$(inherited)",
					"@executable_path/Frameworks",
				);
				PRODUCT_BUNDLE_IDENTIFIER = "ru.learnSwift.Quest-Maker";
				PRODUCT_NAME = "$(TARGET_NAME)";
				SWIFT_VERSION = 5.0;
				TARGETED_DEVICE_FAMILY = "1,2";
			};
			name = Release;
		};
/* End XCBuildConfiguration section */

/* Begin XCConfigurationList section */
		69CD2ADB22955D70004DCA78 /* Build configuration list for PBXProject "Quest Maker" */ = {
			isa = XCConfigurationList;
			buildConfigurations = (
				69CD2AF022955D73004DCA78 /* Debug */,
				69CD2AF122955D73004DCA78 /* Release */,
			);
			defaultConfigurationIsVisible = 0;
			defaultConfigurationName = Release;
		};
		69CD2AF222955D73004DCA78 /* Build configuration list for PBXNativeTarget "Quest Maker" */ = {
			isa = XCConfigurationList;
			buildConfigurations = (
				69CD2AF322955D73004DCA78 /* Debug */,
				69CD2AF422955D73004DCA78 /* Release */,
			);
			defaultConfigurationIsVisible = 0;
			defaultConfigurationName = Release;
		};
/* End XCConfigurationList section */
	};
	rootObject = 69CD2AD822955D70004DCA78 /* Project object */;
}
